Microsoft Visual Studio Solution File, Format Version 11.00
# Visual Studio 2008

Project("{958E75CA-61FC-355C-BBEB-CB300EAE7B97}") = "TerrainTest", "Assembly-CSharp-firstpass-vs.csproj", "{CE9562CD-A930-0B9E-12ED-797DBDA44ED4}"
EndProject
Project("{958E75CA-61FC-355C-BBEB-CB300EAE7B97}") = "TerrainTest", "Assembly-CSharp-vs.csproj", "{355796BA-2410-B14A-23A8-0C30F456E017}"
EndProject
Project("{958E75CA-61FC-355C-BBEB-CB300EAE7B97}") = "TerrainTest", "Assembly-CSharp-Editor-vs.csproj", "{1655B66B-3A22-1B20-7837-424302667772}"
EndProject
Global
	GlobalSection(SolutionConfigurationPlatforms) = preSolution
		Debug|Any CPU = Debug|Any CPU
		Release|Any CPU = Release|Any CPU
	EndGlobalSection
	GlobalSection(ProjectConfigurationPlatforms) = postSolution
		{CE9562CD-A930-0B9E-12ED-797DBDA44ED4}.Debug|Any CPU.ActiveCfg = Debug|Any CPU
		{CE9562CD-A930-0B9E-12ED-797DBDA44ED4}.Debug|Any CPU.Build.0 = Debug|Any CPU
		{CE9562CD-A930-0B9E-12ED-797DBDA44ED4}.Release|Any CPU.ActiveCfg = Release|Any CPU
		{CE9562CD-A930-0B9E-12ED-797DBDA44ED4}.Release|Any CPU.Build.0 = Release|Any CPU
		{355796BA-2410-B14A-23A8-0C30F456E017}.Debug|Any CPU.ActiveCfg = Debug|Any CPU
		{355796BA-2410-B14A-23A8-0C30F456E017}.Debug|Any CPU.Build.0 = Debug|Any CPU
		{355796BA-2410-B14A-23A8-0C30F456E017}.Release|Any CPU.ActiveCfg = Release|Any CPU
		{355796BA-2410-B14A-23A8-0C30F456E017}.Release|Any CPU.Build.0 = Release|Any CPU
		{1655B66B-3A22-1B20-7837-424302667772}.Debug|Any CPU.ActiveCfg = Debug|Any CPU
		{1655B66B-3A22-1B20-7837-424302667772}.Debug|Any CPU.Build.0 = Debug|Any CPU
		{1655B66B-3A22-1B20-7837-424302667772}.Release|Any CPU.ActiveCfg = Release|Any CPU
		{1655B66B-3A22-1B20-7837-424302667772}.Release|Any CPU.Build.0 = Release|Any CPU
	EndGlobalSection
	GlobalSection(SolutionProperties) = preSolution
		HideSolutionNode = FALSE
	EndGlobalSection
																									GlobalSection(MonoDevelopProperties) = preSolution
		StartupItem = Assembly-CSharp.csproj
		Policies = $0
		$0.TextStylePolicy = $1
		$1.inheritsSet = null
		$1.scope = text/x-csharp
		$0.CSharpFormattingPolicy = $2
		$2.inheritsSet = Mono
		$2.inheritsScope = text/x-csharp
		$2.scope = text/x-csharp
		$0.TextStylePolicy = $3
		$3.FileWidth = 120
		$3.TabWidth = 4
		$3.IndentWidth = 4
		$3.EolMarker = Unix
		$3.inheritsSet = Mono
		$3.inheritsScope = text/plain
		$3.scope = text/plain
	EndGlobalSection

EndGlobal
